
Microsoft Visual Studio Solution File, Format Version 12.00
# Visual Studio 15
VisualStudioVersion = 15.0.26730.16
MinimumVisualStudioVersion = 10.0.40219.1
Project("{2150E333-8FDC-42A3-9474-1A3956D46DE8}") = "src", "src", "{79B4CAEC-D1AF-4406-A86C-D389ACA8B90C}"
EndProject
Project("{FAE04EC0-301F-11D3-BF4B-00C04F79EFBC}") = "Asd.Domain.Core", "src\Asd.Domain.Core\Asd.Domain.Core.csproj", "{742CE1E8-405B-4F65-B7C0-63BA0EF31455}"
EndProject
Project("{2150E333-8FDC-42A3-9474-1A3956D46DE8}") = "Solution Items", "Solution Items", "{D2675326-07AA-4647-99E8-751C641C457A}"
	ProjectSection(SolutionItems) = preProject
		Package.nuspec = Package.nuspec
	EndProjectSection
EndProject
Global
	GlobalSection(SolutionConfigurationPlatforms) = preSolution
		Debug|Any CPU = Debug|Any CPU
		Release|Any CPU = Release|Any CPU
	EndGlobalSection
	GlobalSection(ProjectConfigurationPlatforms) = postSolution
		{742CE1E8-405B-4F65-B7C0-63BA0EF31455}.Debug|Any CPU.ActiveCfg = Debug|Any CPU
		{742CE1E8-405B-4F65-B7C0-63BA0EF31455}.Debug|Any CPU.Build.0 = Debug|Any CPU
		{742CE1E8-405B-4F65-B7C0-63BA0EF31455}.Release|Any CPU.ActiveCfg = Release|Any CPU
		{742CE1E8-405B-4F65-B7C0-63BA0EF31455}.Release|Any CPU.Build.0 = Release|Any CPU
	EndGlobalSection
	GlobalSection(SolutionProperties) = preSolution
		HideSolutionNode = FALSE
	EndGlobalSection
	GlobalSection(NestedProjects) = preSolution
		{742CE1E8-405B-4F65-B7C0-63BA0EF31455} = {79B4CAEC-D1AF-4406-A86C-D389ACA8B90C}
	EndGlobalSection
	GlobalSection(ExtensibilityGlobals) = postSolution
		SolutionGuid = {6F6EF59A-0886-45ED-ACFE-A99FAFD65B54}
	EndGlobalSection
EndGlobal
